{
  "name": "visual",
  "requires": true,
  "lockfileVersion": 1,
  "dependencies": {
    "powerbi-visuals-api": {
      "version": "2.6.1",
      "resolved": "https://registry.npmjs.org/powerbi-visuals-api/-/powerbi-visuals-api-2.6.1.tgz",
      "integrity": "sha512-UNp9X5OKTfyLP9eZ2e9K4YvwoaFA+aaUgCi1j6LBVmXGFDVcJGnTYeK5JhAvQsXingVnpQf8Z/aIfLiQ9FtnBw==",
      "dev": true,
      "requires": {
        "semver": "^5.6.0"
      }
    },
    "powerbi-visuals-utils-dataviewutils": {
      "version": "2.2.0",
      "resolved": "https://registry.npmjs.org/powerbi-visuals-utils-dataviewutils/-/powerbi-visuals-utils-dataviewutils-2.2.0.tgz",
      "integrity": "sha512-b9wIEjdvzu41HIx/wJVKc1EC/AZDrL+IlWCxNdqELJEE7+ZtO4xolc1vSBwmzNVRNJXEiXS1nGrB36Gmzs8qmw==",
      "dev": true
    },
    "semver": {
      "version": "5.7.1",
      "resolved": "https://registry.npmjs.org/semver/-/semver-5.7.1.tgz",
      "integrity": "sha512-sauaDf/PZdVgrLTNYHRtpXa1iRiKcaebiKQ1BJdpQlWH2lCvexQdX55snPFyK7QzpudqbCI0qXFfOasHdyNDGQ==",
      "dev": true
    }
  }
}
